
Microsoft Visual Studio Solution File, Format Version 12.00
# Visual Studio Version 17
VisualStudioVersion = 17.5.33414.496
MinimumVisualStudioVersion = 10.0.40219.1
Project("{FAE04EC0-301F-11D3-BF4B-00C04F79EFBC}") = "OpenIddictCertificateGenerator", "OpenIddictCertificateGenerator\OpenIddictCertificateGenerator.csproj", "{0D255F7C-BFC3-4C10-821A-1A321AC5D5FF}"
EndProject
Global
	GlobalSection(SolutionConfigurationPlatforms) = preSolution
		Debug|Any CPU = Debug|Any CPU
		Release|Any CPU = Release|Any CPU
	EndGlobalSection
	GlobalSection(ProjectConfigurationPlatforms) = postSolution
		{0D255F7C-BFC3-4C10-821A-1A321AC5D5FF}.Debug|Any CPU.ActiveCfg = Debug|Any CPU
		{0D255F7C-BFC3-4C10-821A-1A321AC5D5FF}.Debug|Any CPU.Build.0 = Debug|Any CPU
		{0D255F7C-BFC3-4C10-821A-1A321AC5D5FF}.Release|Any CPU.ActiveCfg = Release|Any CPU
		{0D255F7C-BFC3-4C10-821A-1A321AC5D5FF}.Release|Any CPU.Build.0 = Release|Any CPU
	EndGlobalSection
	GlobalSection(SolutionProperties) = preSolution
		HideSolutionNode = FALSE
	EndGlobalSection
	GlobalSection(ExtensibilityGlobals) = postSolution
		SolutionGuid = {27285549-E48A-4571-B00B-DD96AD0E35D6}
	EndGlobalSection
EndGlobal
